
Microsoft Visual Studio Solution File, Format Version 12.00
# Visual Studio Version 16
VisualStudioVersion = 16.0.30621.155
MinimumVisualStudioVersion = 10.0.40219.1
Project("{FAE04EC0-301F-11D3-BF4B-00C04F79EFBC}") = "App.WinForms", "App.WinForms\App.WinForms.csproj", "{44CFE8B0-0C22-46CD-9278-8C4FA7CF5875}"
EndProject
Project("{FAE04EC0-301F-11D3-BF4B-00C04F79EFBC}") = "App.Console", "App.Console\App.Console.csproj", "{8DD0726C-610C-432F-82DF-DA252AC0FE30}"
EndProject
Global
	GlobalSection(SolutionConfigurationPlatforms) = preSolution
		Debug|Any CPU = Debug|Any CPU
		Release|Any CPU = Release|Any CPU
	EndGlobalSection
	GlobalSection(ProjectConfigurationPlatforms) = postSolution
		{44CFE8B0-0C22-46CD-9278-8C4FA7CF5875}.Debug|Any CPU.ActiveCfg = Debug|Any CPU
		{44CFE8B0-0C22-46CD-9278-8C4FA7CF5875}.Debug|Any CPU.Build.0 = Debug|Any CPU
		{44CFE8B0-0C22-46CD-9278-8C4FA7CF5875}.Release|Any CPU.ActiveCfg = Release|Any CPU
		{44CFE8B0-0C22-46CD-9278-8C4FA7CF5875}.Release|Any CPU.Build.0 = Release|Any CPU
		{8DD0726C-610C-432F-82DF-DA252AC0FE30}.Debug|Any CPU.ActiveCfg = Debug|Any CPU
		{8DD0726C-610C-432F-82DF-DA252AC0FE30}.Debug|Any CPU.Build.0 = Debug|Any CPU
		{8DD0726C-610C-432F-82DF-DA252AC0FE30}.Release|Any CPU.ActiveCfg = Release|Any CPU
		{8DD0726C-610C-432F-82DF-DA252AC0FE30}.Release|Any CPU.Build.0 = Release|Any CPU
	EndGlobalSection
	GlobalSection(SolutionProperties) = preSolution
		HideSolutionNode = FALSE
	EndGlobalSection
	GlobalSection(ExtensibilityGlobals) = postSolution
		SolutionGuid = {2F347758-616B-4B3D-A934-81A659C109D7}
	EndGlobalSection
EndGlobal
